# THIS IS AN AUTOGENERATED FILE. DO NOT EDIT THIS FILE DIRECTLY.
# yarn lockfile v1


"@floating-ui/core@^1.7.3":
  version "1.7.3"
  resolved "https://registry.yarnpkg.com/@floating-ui/core/-/core-1.7.3.tgz#462d722f001e23e46d86fd2bd0d21b7693ccb8b7"
  integrity sha512-sGnvb5dmrJaKEZ+LDIpguvdX3bDlEllmv4/ClQ9awcmCZrlx5jQyyMWFM5kBI+EyNOCDDiKk8il0zeuX3Zlg/w==
  dependencies:
    "@floating-ui/utils" "^0.2.10"

"@floating-ui/dom@^1.7.4":
  version "1.7.4"
  resolved "https://registry.yarnpkg.com/@floating-ui/dom/-/dom-1.7.4.tgz#ee667549998745c9c3e3e84683b909c31d6c9a77"
  integrity sha512-OOchDgh4F2CchOX94cRVqhvy7b3AFb+/rQXyswmzmGakRfkMgoWVjfnLWkRirfLEfuD4ysVW16eXzwt3jHIzKA==
  dependencies:
    "@floating-ui/core" "^1.7.3"
    "@floating-ui/utils" "^0.2.10"

"@floating-ui/react-dom@^2.0.0":
  version "2.1.6"
  resolved "https://registry.yarnpkg.com/@floating-ui/react-dom/-/react-dom-2.1.6.tgz#189f681043c1400561f62972f461b93f01bf2231"
  integrity sha512-4JX6rEatQEvlmgU80wZyq9RT96HZJa88q8hp0pBd+LrczeDI4o6uA2M+uvxngVHo4Ihr8uibXxH6+70zhAFrVw==
  dependencies:
    "@floating-ui/dom" "^1.7.4"

"@floating-ui/utils@^0.2.10":
  version "0.2.10"
  resolved "https://registry.yarnpkg.com/@floating-ui/utils/-/utils-0.2.10.tgz#a2a1e3812d14525f725d011a73eceb41fef5bc1c"
  integrity sha512-aGTxbpbg8/b5JfU1HXSrbH3wXZuLPJcNEcZQFMxLs3oSzgtVu6nFPkbbGGUvBcUjKV2YyB9Wxxabo+HEH9tcRQ==

"@radix-ui/colors@^3.0.0":
  version "3.0.0"
  resolved "https://registry.yarnpkg.com/@radix-ui/colors/-/colors-3.0.0.tgz#e8a591a303c44e503bd1212cacf40a09511165e0"
  integrity sha512-FUOsGBkHrYJwCSEtWRCIfQbZG7q1e6DgxCIOe1SUQzDe/7rXXeA47s8yCn6fuTNQAj1Zq4oTFi9Yjp3wzElcxg==

"@radix-ui/number@1.1.1":
  version "1.1.1"
  resolved "https://registry.yarnpkg.com/@radix-ui/number/-/number-1.1.1.tgz#7b2c9225fbf1b126539551f5985769d0048d9090"
  integrity sha512-MkKCwxlXTgz6CFoJx3pCwn07GKp36+aZyu/u2Ln2VrA5DcdyCZkASEDBTd8x5whTQQL5CiYf4prXKLcgQdv29g==

"@radix-ui/primitive@1.1.3":
  version "1.1.3"
  resolved "https://registry.yarnpkg.com/@radix-ui/primitive/-/primitive-1.1.3.tgz#e2dbc13bdc5e4168f4334f75832d7bdd3e2de5ba"
  integrity sha512-JTF99U/6XIjCBo0wqkU5sK10glYe27MRRsfwoiq5zzOEZLHU3A3KCMa5X/azekYRCJ0HlwI0crAXS/5dEHTzDg==

"@radix-ui/react-accessible-icon@1.1.7":
  version "1.1.7"
  resolved "https://registry.yarnpkg.com/@radix-ui/react-accessible-icon/-/react-accessible-icon-1.1.7.tgz#3b1629ce0c5ce0f791a21e28cfa6a1ffb82e2029"
  integrity sha512-XM+E4WXl0OqUJFovy6GjmxxFyx9opfCAIUku4dlKRd5YEPqt4kALOkQOp0Of6reHuUkJuiPBEc5k0o4z4lTC8A==
  dependencies:
    "@radix-ui/react-visually-hidden" "1.2.3"

"@radix-ui/react-accordion@1.2.12":
  version "1.2.12"
  resolved "https://registry.yarnpkg.com/@radix-ui/react-accordion/-/react-accordion-1.2.12.tgz#1fd70d4ef36018012b9e03324ff186de7a29c13f"
  integrity sha512-T4nygeh9YE9dLRPhAHSeOZi7HBXo+0kYIPJXayZfvWOWA0+n3dESrZbjfDPUABkUNym6Hd+f2IR113To8D2GPA==
  dependencies:
    "@radix-ui/primitive" "1.1.3"
    "@radix-ui/react-collapsible" "1.1.12"
    "@radix-ui/react-collection" "1.1.7"
    "@radix-ui/react-compose-refs" "1.1.2"
    "@radix-ui/react-context" "1.1.2"
    "@radix-ui/react-direction" "1.1.1"
    "@radix-ui/react-id" "1.1.1"
    "@radix-ui/react-primitive" "2.1.3"
    "@radix-ui/react-use-controllable-state" "1.2.2"

"@radix-ui/react-alert-dialog@1.1.15":
  version "1.1.15"
  resolved "https://registry.yarnpkg.com/@radix-ui/react-alert-dialog/-/react-alert-dialog-1.1.15.tgz#fa751d0fdd9aa2a90961c9901dba18e638dd4b41"
  integrity sha512-oTVLkEw5GpdRe29BqJ0LSDFWI3qu0vR1M0mUkOQWDIUnY/QIkLpgDMWuKxP94c2NAC2LGcgVhG1ImF3jkZ5wXw==
  dependencies:
    "@radix-ui/primitive" "1.1.3"
    "@radix-ui/react-compose-refs" "1.1.2"
    "@radix-ui/react-context" "1.1.2"
    "@radix-ui/react-dialog" "1.1.15"
    "@radix-ui/react-primitive" "2.1.3"
    "@radix-ui/react-slot" "1.2.3"

"@radix-ui/react-arrow@1.1.7":
  version "1.1.7"
  resolved "https://registry.yarnpkg.com/@radix-ui/react-arrow/-/react-arrow-1.1.7.tgz#e14a2657c81d961598c5e72b73dd6098acc04f09"
  integrity sha512-F+M1tLhO+mlQaOWspE8Wstg+z6PwxwRd8oQ8IXceWz92kfAmalTRf0EjrouQeo7QssEPfCn05B4Ihs1K9WQ/7w==
  dependencies:
    "@radix-ui/react-primitive" "2.1.3"

"@radix-ui/react-aspect-ratio@1.1.7":
  version "1.1.7"
  resolved "https://registry.yarnpkg.com/@radix-ui/react-aspect-ratio/-/react-aspect-ratio-1.1.7.tgz#95d0adcdddd0d40c5dd2ae07c8608b4f0b983f53"
  integrity sha512-Yq6lvO9HQyPwev1onK1daHCHqXVLzPhSVjmsNjCa2Zcxy2f7uJD2itDtxknv6FzAKCwD1qQkeVDmX/cev13n/g==
  dependencies:
    "@radix-ui/react-primitive" "2.1.3"

"@radix-ui/react-avatar@1.1.10":
  version "1.1.10"
  resolved "https://registry.yarnpkg.com/@radix-ui/react-avatar/-/react-avatar-1.1.10.tgz#c58a8800ef3d3ee783b3168fee7c76f6534bfd93"
  integrity sha512-V8piFfWapM5OmNCXTzVQY+E1rDa53zY+MQ4Y7356v4fFz6vqCyUtIz2rUD44ZEdwg78/jKmMJHj07+C/Z/rcog==
  dependencies:
    "@radix-ui/react-context" "1.1.2"
    "@radix-ui/react-primitive" "2.1.3"
    "@radix-ui/react-use-callback-ref" "1.1.1"
    "@radix-ui/react-use-is-hydrated" "0.1.0"
    "@radix-ui/react-use-layout-effect" "1.1.1"

"@radix-ui/react-checkbox@1.3.3":
  version "1.3.3"
  resolved "https://registry.yarnpkg.com/@radix-ui/react-checkbox/-/react-checkbox-1.3.3.tgz#db45ca8a6d5c056a92f74edbb564acee05318b79"
  integrity sha512-wBbpv+NQftHDdG86Qc0pIyXk5IR3tM8Vd0nWLKDcX8nNn4nXFOFwsKuqw2okA/1D/mpaAkmuyndrPJTYDNZtFw==
  dependencies:
    "@radix-ui/primitive" "1.1.3"
    "@radix-ui/react-compose-refs" "1.1.2"
    "@radix-ui/react-context" "1.1.2"
    "@radix-ui/react-presence" "1.1.5"
    "@radix-ui/react-primitive" "2.1.3"
    "@radix-ui/react-use-controllable-state" "1.2.2"
    "@radix-ui/react-use-previous" "1.1.1"
    "@radix-ui/react-use-size" "1.1.1"

"@radix-ui/react-collapsible@1.1.12":
  version "1.1.12"
  resolved "https://registry.yarnpkg.com/@radix-ui/react-collapsible/-/react-collapsible-1.1.12.tgz#e2cc69a4490a2920f97c3c3150b0bf21281e3c49"
  integrity sha512-Uu+mSh4agx2ib1uIGPP4/CKNULyajb3p92LsVXmH2EHVMTfZWpll88XJ0j4W0z3f8NK1eYl1+Mf/szHPmcHzyA==
  dependencies:
    "@radix-ui/primitive" "1.1.3"
    "@radix-ui/react-compose-refs" "1.1.2"
    "@radix-ui/react-context" "1.1.2"
    "@radix-ui/react-id" "1.1.1"
    "@radix-ui/react-presence" "1.1.5"
    "@radix-ui/react-primitive" "2.1.3"
    "@radix-ui/react-use-controllable-state" "1.2.2"
    "@radix-ui/react-use-layout-effect" "1.1.1"

"@radix-ui/react-collection@1.1.7":
  version "1.1.7"
  resolved "https://registry.yarnpkg.com/@radix-ui/react-collection/-/react-collection-1.1.7.tgz#d05c25ca9ac4695cc19ba91f42f686e3ea2d9aec"
  integrity sha512-Fh9rGN0MoI4ZFUNyfFVNU4y9LUz93u9/0K+yLgA2bwRojxM8JU1DyvvMBabnZPBgMWREAJvU2jjVzq+LrFUglw==
  dependencies:
    "@radix-ui/react-compose-refs" "1.1.2"
    "@radix-ui/react-context" "1.1.2"
    "@radix-ui/react-primitive" "2.1.3"
    "@radix-ui/react-slot" "1.2.3"

"@radix-ui/react-compose-refs@1.1.2":
  version "1.1.2"
  resolved "https://registry.yarnpkg.com/@radix-ui/react-compose-refs/-/react-compose-refs-1.1.2.tgz#a2c4c47af6337048ee78ff6dc0d090b390d2bb30"
  integrity sha512-z4eqJvfiNnFMHIIvXP3CY57y2WJs5g2v3X0zm9mEJkrkNv4rDxu+sg9Jh8EkXyeqBkB7SOcboo9dMVqhyrACIg==

"@radix-ui/react-context-menu@2.2.16":
  version "2.2.16"
  resolved "https://registry.yarnpkg.com/@radix-ui/react-context-menu/-/react-context-menu-2.2.16.tgz#e7bf94a457b68af08f24ad696949144530faab50"
  integrity sha512-O8morBEW+HsVG28gYDZPTrT9UUovQUlJue5YO836tiTJhuIWBm/zQHc7j388sHWtdH/xUZurK9olD2+pcqx5ww==
  dependencies:
    "@radix-ui/primitive" "1.1.3"
    "@radix-ui/react-context" "1.1.2"
    "@radix-ui/react-menu" "2.1.16"
    "@radix-ui/react-primitive" "2.1.3"
    "@radix-ui/react-use-callback-ref" "1.1.1"
    "@radix-ui/react-use-controllable-state" "1.2.2"

"@radix-ui/react-context@1.1.2":
  version "1.1.2"
  resolved "https://registry.yarnpkg.com/@radix-ui/react-context/-/react-context-1.1.2.tgz#61628ef269a433382c364f6f1e3788a6dc213a36"
  integrity sha512-jCi/QKUM2r1Ju5a3J64TH2A5SpKAgh0LpknyqdQ4m6DCV0xJ2HG1xARRwNGPQfi1SLdLWZ1OJz6F4OMBBNiGJA==

"@radix-ui/react-dialog@1.1.15":
  version "1.1.15"
  resolved "https://registry.yarnpkg.com/@radix-ui/react-dialog/-/react-dialog-1.1.15.tgz#1de3d7a7e9a17a9874d29c07f5940a18a119b632"
  integrity sha512-TCglVRtzlffRNxRMEyR36DGBLJpeusFcgMVD9PZEzAKnUs1lKCgX5u9BmC2Yg+LL9MgZDugFFs1Vl+Jp4t/PGw==
  dependencies:
    "@radix-ui/primitive" "1.1.3"
    "@radix-ui/react-compose-refs" "1.1.2"
    "@radix-ui/react-context" "1.1.2"
    "@radix-ui/react-dismissable-layer" "1.1.11"
    "@radix-ui/react-focus-guards" "1.1.3"
    "@radix-ui/react-focus-scope" "1.1.7"
    "@radix-ui/react-id" "1.1.1"
    "@radix-ui/react-portal" "1.1.9"
    "@radix-ui/react-presence" "1.1.5"
    "@radix-ui/react-primitive" "2.1.3"
    "@radix-ui/react-slot" "1.2.3"
    "@radix-ui/react-use-controllable-state" "1.2.2"
    aria-hidden "^1.2.4"
    react-remove-scroll "^2.6.3"

"@radix-ui/react-direction@1.1.1":
  version "1.1.1"
  resolved "https://registry.yarnpkg.com/@radix-ui/react-direction/-/react-direction-1.1.1.tgz#39e5a5769e676c753204b792fbe6cf508e550a14"
  integrity sha512-1UEWRX6jnOA2y4H5WczZ44gOOjTEmlqv1uNW4GAJEO5+bauCBhv8snY65Iw5/VOS/ghKN9gr2KjnLKxrsvoMVw==

"@radix-ui/react-dismissable-layer@1.1.11":
  version "1.1.11"
  resolved "https://registry.yarnpkg.com/@radix-ui/react-dismissable-layer/-/react-dismissable-layer-1.1.11.tgz#e33ab6f6bdaa00f8f7327c408d9f631376b88b37"
  integrity sha512-Nqcp+t5cTB8BinFkZgXiMJniQH0PsUt2k51FUhbdfeKvc4ACcG2uQniY/8+h1Yv6Kza4Q7lD7PQV0z0oicE0Mg==
  dependencies:
    "@radix-ui/primitive" "1.1.3"
    "@radix-ui/react-compose-refs" "1.1.2"
    "@radix-ui/react-primitive" "2.1.3"
    "@radix-ui/react-use-callback-ref" "1.1.1"
    "@radix-ui/react-use-escape-keydown" "1.1.1"

"@radix-ui/react-dropdown-menu@2.1.16":
  version "2.1.16"
  resolved "https://registry.yarnpkg.com/@radix-ui/react-dropdown-menu/-/react-dropdown-menu-2.1.16.tgz#5ee045c62bad8122347981c479d92b1ff24c7254"
  integrity sha512-1PLGQEynI/3OX/ftV54COn+3Sud/Mn8vALg2rWnBLnRaGtJDduNW/22XjlGgPdpcIbiQxjKtb7BkcjP00nqfJw==
  dependencies:
    "@radix-ui/primitive" "1.1.3"
    "@radix-ui/react-compose-refs" "1.1.2"
    "@radix-ui/react-context" "1.1.2"
    "@radix-ui/react-id" "1.1.1"
    "@radix-ui/react-menu" "2.1.16"
    "@radix-ui/react-primitive" "2.1.3"
    "@radix-ui/react-use-controllable-state" "1.2.2"

"@radix-ui/react-focus-guards@1.1.3":
  version "1.1.3"
  resolved "https://registry.yarnpkg.com/@radix-ui/react-focus-guards/-/react-focus-guards-1.1.3.tgz#2a5669e464ad5fde9f86d22f7fdc17781a4dfa7f"
  integrity sha512-0rFg/Rj2Q62NCm62jZw0QX7a3sz6QCQU0LpZdNrJX8byRGaGVTqbrW9jAoIAHyMQqsNpeZ81YgSizOt5WXq0Pw==

"@radix-ui/react-focus-scope@1.1.7":
  version "1.1.7"
  resolved "https://registry.yarnpkg.com/@radix-ui/react-focus-scope/-/react-focus-scope-1.1.7.tgz#dfe76fc103537d80bf42723a183773fd07bfb58d"
  integrity sha512-t2ODlkXBQyn7jkl6TNaw/MtVEVvIGelJDCG41Okq/KwUsJBwQ4XVZsHAVUkK4mBv3ewiAS3PGuUWuY2BoK4ZUw==
  dependencies:
    "@radix-ui/react-compose-refs" "1.1.2"
    "@radix-ui/react-primitive" "2.1.3"
    "@radix-ui/react-use-callback-ref" "1.1.1"

"@radix-ui/react-form@0.1.8":
  version "0.1.8"
  resolved "https://registry.yarnpkg.com/@radix-ui/react-form/-/react-form-0.1.8.tgz#daec0fde305a70edf1a97b932b5e02a4cbf5b68e"
  integrity sha512-QM70k4Zwjttifr5a4sZFts9fn8FzHYvQ5PiB19O2HsYibaHSVt9fH9rzB0XZo/YcM+b7t/p7lYCT/F5eOeF5yQ==
  dependencies:
    "@radix-ui/primitive" "1.1.3"
    "@radix-ui/react-compose-refs" "1.1.2"
    "@radix-ui/react-context" "1.1.2"
    "@radix-ui/react-id" "1.1.1"
    "@radix-ui/react-label" "2.1.7"
    "@radix-ui/react-primitive" "2.1.3"

"@radix-ui/react-hover-card@1.1.15":
  version "1.1.15"
  resolved "https://registry.yarnpkg.com/@radix-ui/react-hover-card/-/react-hover-card-1.1.15.tgz#9bc7ed55c37a9032acdfcc7cfa5c73b117cffe5e"
  integrity sha512-qgTkjNT1CfKMoP0rcasmlH2r1DAiYicWsDsufxl940sT2wHNEWWv6FMWIQXWhVdmC1d/HYfbhQx60KYyAtKxjg==
  dependencies:
    "@radix-ui/primitive" "1.1.3"
    "@radix-ui/react-compose-refs" "1.1.2"
    "@radix-ui/react-context" "1.1.2"
    "@radix-ui/react-dismissable-layer" "1.1.11"
    "@radix-ui/react-popper" "1.2.8"
    "@radix-ui/react-portal" "1.1.9"
    "@radix-ui/react-presence" "1.1.5"
    "@radix-ui/react-primitive" "2.1.3"
    "@radix-ui/react-use-controllable-state" "1.2.2"

"@radix-ui/react-icons@^1.3.2":
  version "1.3.2"
  resolved "https://registry.yarnpkg.com/@radix-ui/react-icons/-/react-icons-1.3.2.tgz#09be63d178262181aeca5fb7f7bc944b10a7f441"
  integrity sha512-fyQIhGDhzfc9pK2kH6Pl9c4BDJGfMkPqkyIgYDthyNYoNg3wVhoJMMh19WS4Up/1KMPFVpNsT2q3WmXn2N1m6g==

"@radix-ui/react-id@1.1.1":
  version "1.1.1"
  resolved "https://registry.yarnpkg.com/@radix-ui/react-id/-/react-id-1.1.1.tgz#1404002e79a03fe062b7e3864aa01e24bd1471f7"
  integrity sha512-kGkGegYIdQsOb4XjsfM97rXsiHaBwco+hFI66oO4s9LU+PLAC5oJ7khdOVFxkhsmlbpUqDAvXw11CluXP+jkHg==
  dependencies:
    "@radix-ui/react-use-layout-effect" "1.1.1"

"@radix-ui/react-label@2.1.7":
  version "2.1.7"
  resolved "https://registry.yarnpkg.com/@radix-ui/react-label/-/react-label-2.1.7.tgz#ad959ff9c6e4968d533329eb95696e1ba8ad72ab"
  integrity sha512-YT1GqPSL8kJn20djelMX7/cTRp/Y9w5IZHvfxQTVHrOqa2yMl7i/UfMqKRU5V7mEyKTrUVgJXhNQPVCG8PBLoQ==
  dependencies:
    "@radix-ui/react-primitive" "2.1.3"

"@radix-ui/react-menu@2.1.16":
  version "2.1.16"
  resolved "https://registry.yarnpkg.com/@radix-ui/react-menu/-/react-menu-2.1.16.tgz#528a5a973c3a7413d3d49eb9ccd229aa52402911"
  integrity sha512-72F2T+PLlphrqLcAotYPp0uJMr5SjP5SL01wfEspJbru5Zs5vQaSHb4VB3ZMJPimgHHCHG7gMOeOB9H3Hdmtxg==
  dependencies:
    "@radix-ui/primitive" "1.1.3"
    "@radix-ui/react-collection" "1.1.7"
    "@radix-ui/react-compose-refs" "1.1.2"
    "@radix-ui/react-context" "1.1.2"
    "@radix-ui/react-direction" "1.1.1"
    "@radix-ui/react-dismissable-layer" "1.1.11"
    "@radix-ui/react-focus-guards" "1.1.3"
    "@radix-ui/react-focus-scope" "1.1.7"
    "@radix-ui/react-id" "1.1.1"
    "@radix-ui/react-popper" "1.2.8"
    "@radix-ui/react-portal" "1.1.9"
    "@radix-ui/react-presence" "1.1.5"
    "@radix-ui/react-primitive" "2.1.3"
    "@radix-ui/react-roving-focus" "1.1.11"
    "@radix-ui/react-slot" "1.2.3"
    "@radix-ui/react-use-callback-ref" "1.1.1"
    aria-hidden "^1.2.4"
    react-remove-scroll "^2.6.3"

"@radix-ui/react-menubar@1.1.16":
  version "1.1.16"
  resolved "https://registry.yarnpkg.com/@radix-ui/react-menubar/-/react-menubar-1.1.16.tgz#5edf7ea2ff7aa7e3ba896b35cf577f122160121c"
  integrity sha512-EB1FktTz5xRRi2Er974AUQZWg2yVBb1yjip38/lgwtCVRd3a+maUoGHN/xs9Yv8SY8QwbSEb+YrxGadVWbEutA==
  dependencies:
    "@radix-ui/primitive" "1.1.3"
    "@radix-ui/react-collection" "1.1.7"
    "@radix-ui/react-compose-refs" "1.1.2"
    "@radix-ui/react-context" "1.1.2"
    "@radix-ui/react-direction" "1.1.1"
    "@radix-ui/react-id" "1.1.1"
    "@radix-ui/react-menu" "2.1.16"
    "@radix-ui/react-primitive" "2.1.3"
    "@radix-ui/react-roving-focus" "1.1.11"
    "@radix-ui/react-use-controllable-state" "1.2.2"

"@radix-ui/react-navigation-menu@1.2.14":
  version "1.2.14"
  resolved "https://registry.yarnpkg.com/@radix-ui/react-navigation-menu/-/react-navigation-menu-1.2.14.tgz#4e6d1172be3c89752e564f8721706f78574ad7dd"
  integrity sha512-YB9mTFQvCOAQMHU+C/jVl96WmuWeltyUEpRJJky51huhds5W2FQr1J8D/16sQlf0ozxkPK8uF3niQMdUwZPv5w==
  dependencies:
    "@radix-ui/primitive" "1.1.3"
    "@radix-ui/react-collection" "1.1.7"
    "@radix-ui/react-compose-refs" "1.1.2"
    "@radix-ui/react-context" "1.1.2"
    "@radix-ui/react-direction" "1.1.1"
    "@radix-ui/react-dismissable-layer" "1.1.11"
    "@radix-ui/react-id" "1.1.1"
    "@radix-ui/react-presence" "1.1.5"
    "@radix-ui/react-primitive" "2.1.3"
    "@radix-ui/react-use-callback-ref" "1.1.1"
    "@radix-ui/react-use-controllable-state" "1.2.2"
    "@radix-ui/react-use-layout-effect" "1.1.1"
    "@radix-ui/react-use-previous" "1.1.1"
    "@radix-ui/react-visually-hidden" "1.2.3"

"@radix-ui/react-one-time-password-field@0.1.8":
  version "0.1.8"
  resolved "https://registry.yarnpkg.com/@radix-ui/react-one-time-password-field/-/react-one-time-password-field-0.1.8.tgz#edb7476d29478477ffc837f7deacec3a1ae08a24"
  integrity sha512-ycS4rbwURavDPVjCb5iS3aG4lURFDILi6sKI/WITUMZ13gMmn/xGjpLoqBAalhJaDk8I3UbCM5GzKHrnzwHbvg==
  dependencies:
    "@radix-ui/number" "1.1.1"
    "@radix-ui/primitive" "1.1.3"
    "@radix-ui/react-collection" "1.1.7"
    "@radix-ui/react-compose-refs" "1.1.2"
    "@radix-ui/react-context" "1.1.2"
    "@radix-ui/react-direction" "1.1.1"
    "@radix-ui/react-primitive" "2.1.3"
    "@radix-ui/react-roving-focus" "1.1.11"
    "@radix-ui/react-use-controllable-state" "1.2.2"
    "@radix-ui/react-use-effect-event" "0.0.2"
    "@radix-ui/react-use-is-hydrated" "0.1.0"
    "@radix-ui/react-use-layout-effect" "1.1.1"

"@radix-ui/react-password-toggle-field@0.1.3":
  version "0.1.3"
  resolved "https://registry.yarnpkg.com/@radix-ui/react-password-toggle-field/-/react-password-toggle-field-0.1.3.tgz#3d47de91c0f8e79d697cefde2ef8146816712031"
  integrity sha512-/UuCrDBWravcaMix4TdT+qlNdVwOM1Nck9kWx/vafXsdfj1ChfhOdfi3cy9SGBpWgTXwYCuboT/oYpJy3clqfw==
  dependencies:
    "@radix-ui/primitive" "1.1.3"
    "@radix-ui/react-compose-refs" "1.1.2"
    "@radix-ui/react-context" "1.1.2"
    "@radix-ui/react-id" "1.1.1"
    "@radix-ui/react-primitive" "2.1.3"
    "@radix-ui/react-use-controllable-state" "1.2.2"
    "@radix-ui/react-use-effect-event" "0.0.2"
    "@radix-ui/react-use-is-hydrated" "0.1.0"

"@radix-ui/react-popover@1.1.15":
  version "1.1.15"
  resolved "https://registry.yarnpkg.com/@radix-ui/react-popover/-/react-popover-1.1.15.tgz#9c852f93990a687ebdc949b2c3de1f37cdc4c5d5"
  integrity sha512-kr0X2+6Yy/vJzLYJUPCZEc8SfQcf+1COFoAqauJm74umQhta9M7lNJHP7QQS3vkvcGLQUbWpMzwrXYwrYztHKA==
  dependencies:
    "@radix-ui/primitive" "1.1.3"
    "@radix-ui/react-compose-refs" "1.1.2"
    "@radix-ui/react-context" "1.1.2"
    "@radix-ui/react-dismissable-layer" "1.1.11"
    "@radix-ui/react-focus-guards" "1.1.3"
    "@radix-ui/react-focus-scope" "1.1.7"
    "@radix-ui/react-id" "1.1.1"
    "@radix-ui/react-popper" "1.2.8"
    "@radix-ui/react-portal" "1.1.9"
    "@radix-ui/react-presence" "1.1.5"
    "@radix-ui/react-primitive" "2.1.3"
    "@radix-ui/react-slot" "1.2.3"
    "@radix-ui/react-use-controllable-state" "1.2.2"
    aria-hidden "^1.2.4"
    react-remove-scroll "^2.6.3"

"@radix-ui/react-popper@1.2.8":
  version "1.2.8"
  resolved "https://registry.yarnpkg.com/@radix-ui/react-popper/-/react-popper-1.2.8.tgz#a79f39cdd2b09ab9fb50bf95250918422c4d9602"
  integrity sha512-0NJQ4LFFUuWkE7Oxf0htBKS6zLkkjBH+hM1uk7Ng705ReR8m/uelduy1DBo0PyBXPKVnBA6YBlU94MBGXrSBCw==
  dependencies:
    "@floating-ui/react-dom" "^2.0.0"
    "@radix-ui/react-arrow" "1.1.7"
    "@radix-ui/react-compose-refs" "1.1.2"
    "@radix-ui/react-context" "1.1.2"
    "@radix-ui/react-primitive" "2.1.3"
    "@radix-ui/react-use-callback-ref" "1.1.1"
    "@radix-ui/react-use-layout-effect" "1.1.1"
    "@radix-ui/react-use-rect" "1.1.1"
    "@radix-ui/react-use-size" "1.1.1"
    "@radix-ui/rect" "1.1.1"

"@radix-ui/react-portal@1.1.9":
  version "1.1.9"
  resolved "https://registry.yarnpkg.com/@radix-ui/react-portal/-/react-portal-1.1.9.tgz#14c3649fe48ec474ac51ed9f2b9f5da4d91c4472"
  integrity sha512-bpIxvq03if6UNwXZ+HTK71JLh4APvnXntDc6XOX8UVq4XQOVl7lwok0AvIl+b8zgCw3fSaVTZMpAPPagXbKmHQ==
  dependencies:
    "@radix-ui/react-primitive" "2.1.3"
    "@radix-ui/react-use-layout-effect" "1.1.1"

"@radix-ui/react-presence@1.1.5":
  version "1.1.5"
  resolved "https://registry.yarnpkg.com/@radix-ui/react-presence/-/react-presence-1.1.5.tgz#5d8f28ac316c32f078afce2996839250c10693db"
  integrity sha512-/jfEwNDdQVBCNvjkGit4h6pMOzq8bHkopq458dPt2lMjx+eBQUohZNG9A7DtO/O5ukSbxuaNGXMjHicgwy6rQQ==
  dependencies:
    "@radix-ui/react-compose-refs" "1.1.2"
    "@radix-ui/react-use-layout-effect" "1.1.1"

"@radix-ui/react-primitive@2.1.3":
  version "2.1.3"
  resolved "https://registry.yarnpkg.com/@radix-ui/react-primitive/-/react-primitive-2.1.3.tgz#db9b8bcff49e01be510ad79893fb0e4cda50f1bc"
  integrity sha512-m9gTwRkhy2lvCPe6QJp4d3G1TYEUHn/FzJUtq9MjH46an1wJU+GdoGC5VLof8RX8Ft/DlpshApkhswDLZzHIcQ==
  dependencies:
    "@radix-ui/react-slot" "1.2.3"

"@radix-ui/react-progress@1.1.7":
  version "1.1.7"
  resolved "https://registry.yarnpkg.com/@radix-ui/react-progress/-/react-progress-1.1.7.tgz#a2b76398b3f24b6bd5e37f112b1e30fbedd4f38e"
  integrity sha512-vPdg/tF6YC/ynuBIJlk1mm7Le0VgW6ub6J2UWnTQ7/D23KXcPI1qy+0vBkgKgd38RCMJavBXpB83HPNFMTb0Fg==
  dependencies:
    "@radix-ui/react-context" "1.1.2"
    "@radix-ui/react-primitive" "2.1.3"

"@radix-ui/react-radio-group@1.3.8":
  version "1.3.8"
  resolved "https://registry.yarnpkg.com/@radix-ui/react-radio-group/-/react-radio-group-1.3.8.tgz#93f102b5b948d602c2f2adb1bc5c347cbaf64bd9"
  integrity sha512-VBKYIYImA5zsxACdisNQ3BjCBfmbGH3kQlnFVqlWU4tXwjy7cGX8ta80BcrO+WJXIn5iBylEH3K6ZTlee//lgQ==
  dependencies:
    "@radix-ui/primitive" "1.1.3"
    "@radix-ui/react-compose-refs" "1.1.2"
    "@radix-ui/react-context" "1.1.2"
    "@radix-ui/react-direction" "1.1.1"
    "@radix-ui/react-presence" "1.1.5"
    "@radix-ui/react-primitive" "2.1.3"
    "@radix-ui/react-roving-focus" "1.1.11"
    "@radix-ui/react-use-controllable-state" "1.2.2"
    "@radix-ui/react-use-previous" "1.1.1"
    "@radix-ui/react-use-size" "1.1.1"

"@radix-ui/react-roving-focus@1.1.11":
  version "1.1.11"
  resolved "https://registry.yarnpkg.com/@radix-ui/react-roving-focus/-/react-roving-focus-1.1.11.tgz#ef54384b7361afc6480dcf9907ef2fedb5080fd9"
  integrity sha512-7A6S9jSgm/S+7MdtNDSb+IU859vQqJ/QAtcYQcfFC6W8RS4IxIZDldLR0xqCFZ6DCyrQLjLPsxtTNch5jVA4lA==
  dependencies:
    "@radix-ui/primitive" "1.1.3"
    "@radix-ui/react-collection" "1.1.7"
    "@radix-ui/react-compose-refs" "1.1.2"
    "@radix-ui/react-context" "1.1.2"
    "@radix-ui/react-direction" "1.1.1"
    "@radix-ui/react-id" "1.1.1"
    "@radix-ui/react-primitive" "2.1.3"
    "@radix-ui/react-use-callback-ref" "1.1.1"
    "@radix-ui/react-use-controllable-state" "1.2.2"

"@radix-ui/react-scroll-area@1.2.10":
  version "1.2.10"
  resolved "https://registry.yarnpkg.com/@radix-ui/react-scroll-area/-/react-scroll-area-1.2.10.tgz#e4fd3b4a79bb77bec1a52f0c8f26d8f3f1ca4b22"
  integrity sha512-tAXIa1g3sM5CGpVT0uIbUx/U3Gs5N8T52IICuCtObaos1S8fzsrPXG5WObkQN3S6NVl6wKgPhAIiBGbWnvc97A==
  dependencies:
    "@radix-ui/number" "1.1.1"
    "@radix-ui/primitive" "1.1.3"
    "@radix-ui/react-compose-refs" "1.1.2"
    "@radix-ui/react-context" "1.1.2"
    "@radix-ui/react-direction" "1.1.1"
    "@radix-ui/react-presence" "1.1.5"
    "@radix-ui/react-primitive" "2.1.3"
    "@radix-ui/react-use-callback-ref" "1.1.1"
    "@radix-ui/react-use-layout-effect" "1.1.1"

"@radix-ui/react-select@2.2.6":
  version "2.2.6"
  resolved "https://registry.yarnpkg.com/@radix-ui/react-select/-/react-select-2.2.6.tgz#022cf8dab16bf05d0d1b4df9e53e4bea1b744fd9"
  integrity sha512-I30RydO+bnn2PQztvo25tswPH+wFBjehVGtmagkU78yMdwTwVf12wnAOF+AeP8S2N8xD+5UPbGhkUfPyvT+mwQ==
  dependencies:
    "@radix-ui/number" "1.1.1"
    "@radix-ui/primitive" "1.1.3"
    "@radix-ui/react-collection" "1.1.7"
    "@radix-ui/react-compose-refs" "1.1.2"
    "@radix-ui/react-context" "1.1.2"
    "@radix-ui/react-direction" "1.1.1"
    "@radix-ui/react-dismissable-layer" "1.1.11"
    "@radix-ui/react-focus-guards" "1.1.3"
    "@radix-ui/react-focus-scope" "1.1.7"
    "@radix-ui/react-id" "1.1.1"
    "@radix-ui/react-popper" "1.2.8"
    "@radix-ui/react-portal" "1.1.9"
    "@radix-ui/react-primitive" "2.1.3"
    "@radix-ui/react-slot" "1.2.3"
    "@radix-ui/react-use-callback-ref" "1.1.1"
    "@radix-ui/react-use-controllable-state" "1.2.2"
    "@radix-ui/react-use-layout-effect" "1.1.1"
    "@radix-ui/react-use-previous" "1.1.1"
    "@radix-ui/react-visually-hidden" "1.2.3"
    aria-hidden "^1.2.4"
    react-remove-scroll "^2.6.3"

"@radix-ui/react-separator@1.1.7":
  version "1.1.7"
  resolved "https://registry.yarnpkg.com/@radix-ui/react-separator/-/react-separator-1.1.7.tgz#a18bd7fd07c10fda1bba14f2a3032e7b1a2b3470"
  integrity sha512-0HEb8R9E8A+jZjvmFCy/J4xhbXy3TV+9XSnGJ3KvTtjlIUy/YQ/p6UYZvi7YbeoeXdyU9+Y3scizK6hkY37baA==
  dependencies:
    "@radix-ui/react-primitive" "2.1.3"

"@radix-ui/react-slider@1.3.6":
  version "1.3.6"
  resolved "https://registry.yarnpkg.com/@radix-ui/react-slider/-/react-slider-1.3.6.tgz#409453110b8f34ca00972750b80cd792f0b23a8c"
  integrity sha512-JPYb1GuM1bxfjMRlNLE+BcmBC8onfCi60Blk7OBqi2MLTFdS+8401U4uFjnwkOr49BLmXxLC6JHkvAsx5OJvHw==
  dependencies:
    "@radix-ui/number" "1.1.1"
    "@radix-ui/primitive" "1.1.3"
    "@radix-ui/react-collection" "1.1.7"
    "@radix-ui/react-compose-refs" "1.1.2"
    "@radix-ui/react-context" "1.1.2"
    "@radix-ui/react-direction" "1.1.1"
    "@radix-ui/react-primitive" "2.1.3"
    "@radix-ui/react-use-controllable-state" "1.2.2"
    "@radix-ui/react-use-layout-effect" "1.1.1"
    "@radix-ui/react-use-previous" "1.1.1"
    "@radix-ui/react-use-size" "1.1.1"

"@radix-ui/react-slot@1.2.3":
  version "1.2.3"
  resolved "https://registry.yarnpkg.com/@radix-ui/react-slot/-/react-slot-1.2.3.tgz#502d6e354fc847d4169c3bc5f189de777f68cfe1"
  integrity sha512-aeNmHnBxbi2St0au6VBVC7JXFlhLlOnvIIlePNniyUNAClzmtAUEY8/pBiK3iHjufOlwA+c20/8jngo7xcrg8A==
  dependencies:
    "@radix-ui/react-compose-refs" "1.1.2"

"@radix-ui/react-switch@1.2.6":
  version "1.2.6"
  resolved "https://registry.yarnpkg.com/@radix-ui/react-switch/-/react-switch-1.2.6.tgz#ff79acb831f0d5ea9216cfcc5b939912571358e3"
  integrity sha512-bByzr1+ep1zk4VubeEVViV592vu2lHE2BZY5OnzehZqOOgogN80+mNtCqPkhn2gklJqOpxWgPoYTSnhBCqpOXQ==
  dependencies:
    "@radix-ui/primitive" "1.1.3"
    "@radix-ui/react-compose-refs" "1.1.2"
    "@radix-ui/react-context" "1.1.2"
    "@radix-ui/react-primitive" "2.1.3"
    "@radix-ui/react-use-controllable-state" "1.2.2"
    "@radix-ui/react-use-previous" "1.1.1"
    "@radix-ui/react-use-size" "1.1.1"

"@radix-ui/react-tabs@1.1.13":
  version "1.1.13"
  resolved "https://registry.yarnpkg.com/@radix-ui/react-tabs/-/react-tabs-1.1.13.tgz#3537ce379d7e7ff4eeb6b67a0973e139c2ac1f15"
  integrity sha512-7xdcatg7/U+7+Udyoj2zodtI9H/IIopqo+YOIcZOq1nJwXWBZ9p8xiu5llXlekDbZkca79a/fozEYQXIA4sW6A==
  dependencies:
    "@radix-ui/primitive" "1.1.3"
    "@radix-ui/react-context" "1.1.2"
    "@radix-ui/react-direction" "1.1.1"
    "@radix-ui/react-id" "1.1.1"
    "@radix-ui/react-presence" "1.1.5"
    "@radix-ui/react-primitive" "2.1.3"
    "@radix-ui/react-roving-focus" "1.1.11"
    "@radix-ui/react-use-controllable-state" "1.2.2"

"@radix-ui/react-toast@1.2.15":
  version "1.2.15"
  resolved "https://registry.yarnpkg.com/@radix-ui/react-toast/-/react-toast-1.2.15.tgz#746cf9a81297ddbfba214e5c81245ea3f706f876"
  integrity sha512-3OSz3TacUWy4WtOXV38DggwxoqJK4+eDkNMl5Z/MJZaoUPaP4/9lf81xXMe1I2ReTAptverZUpbPY4wWwWyL5g==
  dependencies:
    "@radix-ui/primitive" "1.1.3"
    "@radix-ui/react-collection" "1.1.7"
    "@radix-ui/react-compose-refs" "1.1.2"
    "@radix-ui/react-context" "1.1.2"
    "@radix-ui/react-dismissable-layer" "1.1.11"
    "@radix-ui/react-portal" "1.1.9"
    "@radix-ui/react-presence" "1.1.5"
    "@radix-ui/react-primitive" "2.1.3"
    "@radix-ui/react-use-callback-ref" "1.1.1"
    "@radix-ui/react-use-controllable-state" "1.2.2"
    "@radix-ui/react-use-layout-effect" "1.1.1"
    "@radix-ui/react-visually-hidden" "1.2.3"

"@radix-ui/react-toggle-group@1.1.11":
  version "1.1.11"
  resolved "https://registry.yarnpkg.com/@radix-ui/react-toggle-group/-/react-toggle-group-1.1.11.tgz#e513d6ffdb07509b400ab5b26f2523747c0d51c1"
  integrity sha512-5umnS0T8JQzQT6HbPyO7Hh9dgd82NmS36DQr+X/YJ9ctFNCiiQd6IJAYYZ33LUwm8M+taCz5t2ui29fHZc4Y6Q==
  dependencies:
    "@radix-ui/primitive" "1.1.3"
    "@radix-ui/react-context" "1.1.2"
    "@radix-ui/react-direction" "1.1.1"
    "@radix-ui/react-primitive" "2.1.3"
    "@radix-ui/react-roving-focus" "1.1.11"
    "@radix-ui/react-toggle" "1.1.10"
    "@radix-ui/react-use-controllable-state" "1.2.2"

"@radix-ui/react-toggle@1.1.10":
  version "1.1.10"
  resolved "https://registry.yarnpkg.com/@radix-ui/react-toggle/-/react-toggle-1.1.10.tgz#b04ba0f9609599df666fce5b2f38109a197f08cf"
  integrity sha512-lS1odchhFTeZv3xwHH31YPObmJn8gOg7Lq12inrr0+BH/l3Tsq32VfjqH1oh80ARM3mlkfMic15n0kg4sD1poQ==
  dependencies:
    "@radix-ui/primitive" "1.1.3"
    "@radix-ui/react-primitive" "2.1.3"
    "@radix-ui/react-use-controllable-state" "1.2.2"

"@radix-ui/react-toolbar@1.1.11":
  version "1.1.11"
  resolved "https://registry.yarnpkg.com/@radix-ui/react-toolbar/-/react-toolbar-1.1.11.tgz#2a71f1d91535788f88145d542159e2faaa561db7"
  integrity sha512-4ol06/1bLoFu1nwUqzdD4Y5RZ9oDdKeiHIsntug54Hcr1pgaHiPqHFEaXI1IFP/EsOfROQZ8Mig9VTIRza6Tjg==
  dependencies:
    "@radix-ui/primitive" "1.1.3"
    "@radix-ui/react-context" "1.1.2"
    "@radix-ui/react-direction" "1.1.1"
    "@radix-ui/react-primitive" "2.1.3"
    "@radix-ui/react-roving-focus" "1.1.11"
    "@radix-ui/react-separator" "1.1.7"
    "@radix-ui/react-toggle-group" "1.1.11"

"@radix-ui/react-tooltip@1.2.8":
  version "1.2.8"
  resolved "https://registry.yarnpkg.com/@radix-ui/react-tooltip/-/react-tooltip-1.2.8.tgz#3f50267e25bccfc9e20bb3036bfd9ab4c2c30c2c"
  integrity sha512-tY7sVt1yL9ozIxvmbtN5qtmH2krXcBCfjEiCgKGLqunJHvgvZG2Pcl2oQ3kbcZARb1BGEHdkLzcYGO8ynVlieg==
  dependencies:
    "@radix-ui/primitive" "1.1.3"
    "@radix-ui/react-compose-refs" "1.1.2"
    "@radix-ui/react-context" "1.1.2"
    "@radix-ui/react-dismissable-layer" "1.1.11"
    "@radix-ui/react-id" "1.1.1"
    "@radix-ui/react-popper" "1.2.8"
    "@radix-ui/react-portal" "1.1.9"
    "@radix-ui/react-presence" "1.1.5"
    "@radix-ui/react-primitive" "2.1.3"
    "@radix-ui/react-slot" "1.2.3"
    "@radix-ui/react-use-controllable-state" "1.2.2"
    "@radix-ui/react-visually-hidden" "1.2.3"

"@radix-ui/react-use-callback-ref@1.1.1":
  version "1.1.1"
  resolved "https://registry.yarnpkg.com/@radix-ui/react-use-callback-ref/-/react-use-callback-ref-1.1.1.tgz#62a4dba8b3255fdc5cc7787faeac1c6e4cc58d40"
  integrity sha512-FkBMwD+qbGQeMu1cOHnuGB6x4yzPjho8ap5WtbEJ26umhgqVXbhekKUQO+hZEL1vU92a3wHwdp0HAcqAUF5iDg==

"@radix-ui/react-use-controllable-state@1.2.2":
  version "1.2.2"
  resolved "https://registry.yarnpkg.com/@radix-ui/react-use-controllable-state/-/react-use-controllable-state-1.2.2.tgz#905793405de57d61a439f4afebbb17d0645f3190"
  integrity sha512-BjasUjixPFdS+NKkypcyyN5Pmg83Olst0+c6vGov0diwTEo6mgdqVR6hxcEgFuh4QrAs7Rc+9KuGJ9TVCj0Zzg==
  dependencies:
    "@radix-ui/react-use-effect-event" "0.0.2"
    "@radix-ui/react-use-layout-effect" "1.1.1"

"@radix-ui/react-use-effect-event@0.0.2":
  version "0.0.2"
  resolved "https://registry.yarnpkg.com/@radix-ui/react-use-effect-event/-/react-use-effect-event-0.0.2.tgz#090cf30d00a4c7632a15548512e9152217593907"
  integrity sha512-Qp8WbZOBe+blgpuUT+lw2xheLP8q0oatc9UpmiemEICxGvFLYmHm9QowVZGHtJlGbS6A6yJ3iViad/2cVjnOiA==
  dependencies:
    "@radix-ui/react-use-layout-effect" "1.1.1"

"@radix-ui/react-use-escape-keydown@1.1.1":
  version "1.1.1"
  resolved "https://registry.yarnpkg.com/@radix-ui/react-use-escape-keydown/-/react-use-escape-keydown-1.1.1.tgz#b3fed9bbea366a118f40427ac40500aa1423cc29"
  integrity sha512-Il0+boE7w/XebUHyBjroE+DbByORGR9KKmITzbR7MyQ4akpORYP/ZmbhAr0DG7RmmBqoOnZdy2QlvajJ2QA59g==
  dependencies:
    "@radix-ui/react-use-callback-ref" "1.1.1"

"@radix-ui/react-use-is-hydrated@0.1.0":
  version "0.1.0"
  resolved "https://registry.yarnpkg.com/@radix-ui/react-use-is-hydrated/-/react-use-is-hydrated-0.1.0.tgz#544da73369517036c77659d7cdd019dc0f5ff9a0"
  integrity sha512-U+UORVEq+cTnRIaostJv9AGdV3G6Y+zbVd+12e18jQ5A3c0xL03IhnHuiU4UV69wolOQp5GfR58NW/EgdQhwOA==
  dependencies:
    use-sync-external-store "^1.5.0"

"@radix-ui/react-use-layout-effect@1.1.1":
  version "1.1.1"
  resolved "https://registry.yarnpkg.com/@radix-ui/react-use-layout-effect/-/react-use-layout-effect-1.1.1.tgz#0c4230a9eed49d4589c967e2d9c0d9d60a23971e"
  integrity sha512-RbJRS4UWQFkzHTTwVymMTUv8EqYhOp8dOOviLj2ugtTiXRaRQS7GLGxZTLL1jWhMeoSCf5zmcZkqTl9IiYfXcQ==

"@radix-ui/react-use-previous@1.1.1":
  version "1.1.1"
  resolved "https://registry.yarnpkg.com/@radix-ui/react-use-previous/-/react-use-previous-1.1.1.tgz#1a1ad5568973d24051ed0af687766f6c7cb9b5b5"
  integrity sha512-2dHfToCj/pzca2Ck724OZ5L0EVrr3eHRNsG/b3xQJLA2hZpVCS99bLAX+hm1IHXDEnzU6by5z/5MIY794/a8NQ==

"@radix-ui/react-use-rect@1.1.1":
  version "1.1.1"
  resolved "https://registry.yarnpkg.com/@radix-ui/react-use-rect/-/react-use-rect-1.1.1.tgz#01443ca8ed071d33023c1113e5173b5ed8769152"
  integrity sha512-QTYuDesS0VtuHNNvMh+CjlKJ4LJickCMUAqjlE3+j8w+RlRpwyX3apEQKGFzbZGdo7XNG1tXa+bQqIE7HIXT2w==
  dependencies:
    "@radix-ui/rect" "1.1.1"

"@radix-ui/react-use-size@1.1.1":
  version "1.1.1"
  resolved "https://registry.yarnpkg.com/@radix-ui/react-use-size/-/react-use-size-1.1.1.tgz#6de276ffbc389a537ffe4316f5b0f24129405b37"
  integrity sha512-ewrXRDTAqAXlkl6t/fkXWNAhFX9I+CkKlw6zjEwk86RSPKwZr3xpBRso655aqYafwtnbpHLj6toFzmd6xdVptQ==
  dependencies:
    "@radix-ui/react-use-layout-effect" "1.1.1"

"@radix-ui/react-visually-hidden@1.2.3":
  version "1.2.3"
  resolved "https://registry.yarnpkg.com/@radix-ui/react-visually-hidden/-/react-visually-hidden-1.2.3.tgz#a8c38c8607735dc9f05c32f87ab0f9c2b109efbf"
  integrity sha512-pzJq12tEaaIhqjbzpCuv/OypJY/BPavOofm+dbab+MHLajy277+1lLm6JFcGgF5eskJ6mquGirhXY2GD/8u8Ug==
  dependencies:
    "@radix-ui/react-primitive" "2.1.3"

"@radix-ui/rect@1.1.1":
  version "1.1.1"
  resolved "https://registry.yarnpkg.com/@radix-ui/rect/-/rect-1.1.1.tgz#78244efe12930c56fd255d7923865857c41ac8cb"
  integrity sha512-HPwpGIzkl28mWyZqG52jiqDJ12waP11Pa1lGoiyUkIEuMLBP0oeK/C89esbXrxsky5we7dfd8U58nm0SgAWpVw==

"@radix-ui/themes@^3.2.1":
  version "3.2.1"
  resolved "https://registry.yarnpkg.com/@radix-ui/themes/-/themes-3.2.1.tgz#2a2824627dae4a13b3f250b1611a4eca28c07da8"
  integrity sha512-WJL2YKAGItkunwm3O4cLTFKCGJTfAfF6Hmq7f5bCo1ggqC9qJQ/wfg/25AAN72aoEM1yqXZQ+pslsw48AFR0Xg==
  dependencies:
    "@radix-ui/colors" "^3.0.0"
    classnames "^2.3.2"
    radix-ui "^1.1.3"
    react-remove-scroll-bar "^2.3.8"

aria-hidden@^1.2.4:
  version "1.2.6"
  resolved "https://registry.yarnpkg.com/aria-hidden/-/aria-hidden-1.2.6.tgz#73051c9b088114c795b1ea414e9c0fff874ffc1a"
  integrity sha512-ik3ZgC9dY/lYVVM++OISsaYDeg1tb0VtP5uL3ouh1koGOaUMDPpbFIei4JkFimWUFPn90sbMNMXQAIVOlnYKJA==
  dependencies:
    tslib "^2.0.0"

classnames@^2.3.2:
  version "2.5.1"
  resolved "https://registry.yarnpkg.com/classnames/-/classnames-2.5.1.tgz#ba774c614be0f016da105c858e7159eae8e7687b"
  integrity sha512-saHYOzhIQs6wy2sVxTM6bUDsQO4F50V9RQ22qBpEdCW+I+/Wmke2HOl6lS6dTpdxVhb88/I6+Hs+438c3lfUow==

detect-node-es@^1.1.0:
  version "1.1.0"
  resolved "https://registry.yarnpkg.com/detect-node-es/-/detect-node-es-1.1.0.tgz#163acdf643330caa0b4cd7c21e7ee7755d6fa493"
  integrity sha512-ypdmJU/TbBby2Dxibuv7ZLW3Bs1QEmM7nHjEANfohJLvE0XVujisn1qPJcZxg+qDucsr+bP6fLD1rPS3AhJ7EQ==

get-nonce@^1.0.0:
  version "1.0.1"
  resolved "https://registry.yarnpkg.com/get-nonce/-/get-nonce-1.0.1.tgz#fdf3f0278073820d2ce9426c18f07481b1e0cdf3"
  integrity sha512-FJhYRoDaiatfEkUK8HKlicmu/3SGFD51q3itKDGoSTysQJBnfOcxU5GxnhE1E6soB76MbT0MBtnKJuXyAx+96Q==

radix-ui@^1.1.3:
  version "1.4.3"
  resolved "https://registry.yarnpkg.com/radix-ui/-/radix-ui-1.4.3.tgz#17712d9e26ee61fdf4cd3969f4e16a794419508b"
  integrity sha512-aWizCQiyeAenIdUbqEpXgRA1ya65P13NKn/W8rWkcN0OPkRDxdBVLWnIEDsS2RpwCK2nobI7oMUSmexzTDyAmA==
  dependencies:
    "@radix-ui/primitive" "1.1.3"
    "@radix-ui/react-accessible-icon" "1.1.7"
    "@radix-ui/react-accordion" "1.2.12"
    "@radix-ui/react-alert-dialog" "1.1.15"
    "@radix-ui/react-arrow" "1.1.7"
    "@radix-ui/react-aspect-ratio" "1.1.7"
    "@radix-ui/react-avatar" "1.1.10"
    "@radix-ui/react-checkbox" "1.3.3"
    "@radix-ui/react-collapsible" "1.1.12"
    "@radix-ui/react-collection" "1.1.7"
    "@radix-ui/react-compose-refs" "1.1.2"
    "@radix-ui/react-context" "1.1.2"
    "@radix-ui/react-context-menu" "2.2.16"
    "@radix-ui/react-dialog" "1.1.15"
    "@radix-ui/react-direction" "1.1.1"
    "@radix-ui/react-dismissable-layer" "1.1.11"
    "@radix-ui/react-dropdown-menu" "2.1.16"
    "@radix-ui/react-focus-guards" "1.1.3"
    "@radix-ui/react-focus-scope" "1.1.7"
    "@radix-ui/react-form" "0.1.8"
    "@radix-ui/react-hover-card" "1.1.15"
    "@radix-ui/react-label" "2.1.7"
    "@radix-ui/react-menu" "2.1.16"
    "@radix-ui/react-menubar" "1.1.16"
    "@radix-ui/react-navigation-menu" "1.2.14"
    "@radix-ui/react-one-time-password-field" "0.1.8"
    "@radix-ui/react-password-toggle-field" "0.1.3"
    "@radix-ui/react-popover" "1.1.15"
    "@radix-ui/react-popper" "1.2.8"
    "@radix-ui/react-portal" "1.1.9"
    "@radix-ui/react-presence" "1.1.5"
    "@radix-ui/react-primitive" "2.1.3"
    "@radix-ui/react-progress" "1.1.7"
    "@radix-ui/react-radio-group" "1.3.8"
    "@radix-ui/react-roving-focus" "1.1.11"
    "@radix-ui/react-scroll-area" "1.2.10"
    "@radix-ui/react-select" "2.2.6"
    "@radix-ui/react-separator" "1.1.7"
    "@radix-ui/react-slider" "1.3.6"
    "@radix-ui/react-slot" "1.2.3"
    "@radix-ui/react-switch" "1.2.6"
    "@radix-ui/react-tabs" "1.1.13"
    "@radix-ui/react-toast" "1.2.15"
    "@radix-ui/react-toggle" "1.1.10"
    "@radix-ui/react-toggle-group" "1.1.11"
    "@radix-ui/react-toolbar" "1.1.11"
    "@radix-ui/react-tooltip" "1.2.8"
    "@radix-ui/react-use-callback-ref" "1.1.1"
    "@radix-ui/react-use-controllable-state" "1.2.2"
    "@radix-ui/react-use-effect-event" "0.0.2"
    "@radix-ui/react-use-escape-keydown" "1.1.1"
    "@radix-ui/react-use-is-hydrated" "0.1.0"
    "@radix-ui/react-use-layout-effect" "1.1.1"
    "@radix-ui/react-use-size" "1.1.1"
    "@radix-ui/react-visually-hidden" "1.2.3"

react-remove-scroll-bar@^2.3.7, react-remove-scroll-bar@^2.3.8:
  version "2.3.8"
  resolved "https://registry.yarnpkg.com/react-remove-scroll-bar/-/react-remove-scroll-bar-2.3.8.tgz#99c20f908ee467b385b68a3469b4a3e750012223"
  integrity sha512-9r+yi9+mgU33AKcj6IbT9oRCO78WriSj6t/cF8DWBZJ9aOGPOTEDvdUDz1FwKim7QXWwmHqtdHnRJfhAxEG46Q==
  dependencies:
    react-style-singleton "^2.2.2"
    tslib "^2.0.0"

react-remove-scroll@^2.6.3:
  version "2.7.1"
  resolved "https://registry.yarnpkg.com/react-remove-scroll/-/react-remove-scroll-2.7.1.tgz#d2101d414f6d81d7d3bf033f3c1cb4785789f753"
  integrity sha512-HpMh8+oahmIdOuS5aFKKY6Pyog+FNaZV/XyJOq7b4YFwsFHe5yYfdbIalI4k3vU2nSDql7YskmUseHsRrJqIPA==
  dependencies:
    react-remove-scroll-bar "^2.3.7"
    react-style-singleton "^2.2.3"
    tslib "^2.1.0"
    use-callback-ref "^1.3.3"
    use-sidecar "^1.1.3"

react-style-singleton@^2.2.2, react-style-singleton@^2.2.3:
  version "2.2.3"
  resolved "https://registry.yarnpkg.com/react-style-singleton/-/react-style-singleton-2.2.3.tgz#4265608be69a4d70cfe3047f2c6c88b2c3ace388"
  integrity sha512-b6jSvxvVnyptAiLjbkWLE/lOnR4lfTtDAl+eUC7RZy+QQWc6wRzIV2CE6xBuMmDxc2qIihtDCZD5NPOFl7fRBQ==
  dependencies:
    get-nonce "^1.0.0"
    tslib "^2.0.0"

tslib@^2.0.0, tslib@^2.1.0:
  version "2.8.1"
  resolved "https://registry.yarnpkg.com/tslib/-/tslib-2.8.1.tgz#612efe4ed235d567e8aba5f2a5fab70280ade83f"
  integrity sha512-oJFu94HQb+KVduSUQL7wnpmqnfmLsOA/nAh6b6EH0wCEoK0/mPeXU6c3wKDV83MkOuHPRHtSXKKU99IBazS/2w==

use-callback-ref@^1.3.3:
  version "1.3.3"
  resolved "https://registry.yarnpkg.com/use-callback-ref/-/use-callback-ref-1.3.3.tgz#98d9fab067075841c5b2c6852090d5d0feabe2bf"
  integrity sha512-jQL3lRnocaFtu3V00JToYz/4QkNWswxijDaCVNZRiRTO3HQDLsdu1ZtmIUvV4yPp+rvWm5j0y0TG/S61cuijTg==
  dependencies:
    tslib "^2.0.0"

use-sidecar@^1.1.3:
  version "1.1.3"
  resolved "https://registry.yarnpkg.com/use-sidecar/-/use-sidecar-1.1.3.tgz#10e7fd897d130b896e2c546c63a5e8233d00efdb"
  integrity sha512-Fedw0aZvkhynoPYlA5WXrMCAMm+nSWdZt6lzJQ7Ok8S6Q+VsHmHpRWndVRJ8Be0ZbkfPc5LRYH+5XrzXcEeLRQ==
  dependencies:
    detect-node-es "^1.1.0"
    tslib "^2.0.0"

use-sync-external-store@^1.5.0:
  version "1.6.0"
  resolved "https://registry.yarnpkg.com/use-sync-external-store/-/use-sync-external-store-1.6.0.tgz#b174bfa65cb2b526732d9f2ac0a408027876f32d"
  integrity sha512-Pp6GSwGP/NrPIrxVFAIkOQeyw8lFenOHijQWkUTrDvrF4ALqylP2C/KCkeS9dpUM3KvYRQhna5vt7IL95+ZQ9w==
